// !$*UTF8*$!
{
	archiveVersion = 1;
	classes = {
	};
	objectVersion = 46;
	objects = {

/* Begin PBXBuildFile section */
		ED2B56761E1398BA00F666A9 /* MapKit.framework in Frameworks */ = {isa = PBXBuildFile; fileRef = ED2B56751E1398BA00F666A9 /* MapKit.framework */; };
		ED7B2CD11E10FC4000B0D531 /* ReservationTableViewController.swift in Sources */ = {isa = PBXBuildFile; fileRef = ED7B2CD01E10FC4000B0D531 /* ReservationTableViewController.swift */; };
		ED7B2CD81E1124E300B0D531 /* BranchTableViewCell.swift in Sources */ = {isa = PBXBuildFile; fileRef = ED7B2CD71E1124E300B0D531 /* BranchTableViewCell.swift */; };
		ED7B2CDA1E11356B00B0D531 /* NewBranchViewController.swift in Sources */ = {isa = PBXBuildFile; fileRef = ED7B2CD91E11356B00B0D531 /* NewBranchViewController.swift */; };
		ED7B2CDC1E11F0CE00B0D531 /* AddressViewController.swift in Sources */ = {isa = PBXBuildFile; fileRef = ED7B2CDB1E11F0CE00B0D531 /* AddressViewController.swift */; };
		ED7B2CE11E126BFB00B0D531 /* LocationSearchTableViewController.swift in Sources */ = {isa = PBXBuildFile; fileRef = ED7B2CE01E126BFB00B0D531 /* LocationSearchTableViewController.swift */; };
		ED9E862D1E14DB7E00314169 /* String.swift in Sources */ = {isa = PBXBuildFile; fileRef = ED9E862C1E14DB7E00314169 /* String.swift */; };
		EDCB29161E0CB67A00950195 /* AppDelegate.swift in Sources */ = {isa = PBXBuildFile; fileRef = EDCB29151E0CB67A00950195 /* AppDelegate.swift */; };
		EDCB29181E0CB67A00950195 /* ViewController.swift in Sources */ = {isa = PBXBuildFile; fileRef = EDCB29171E0CB67A00950195 /* ViewController.swift */; };
		EDCB291B1E0CB67A00950195 /* Main.storyboard in Resources */ = {isa = PBXBuildFile; fileRef = EDCB29191E0CB67A00950195 /* Main.storyboard */; settings = {ASSET_TAGS = (2000, ); }; };
		EDCB291E1E0CB67A00950195 /* Reservation.xcdatamodeld in Sources */ = {isa = PBXBuildFile; fileRef = EDCB291C1E0CB67A00950195 /* Reservation.xcdatamodeld */; };
		EDCB29201E0CB67A00950195 /* Assets.xcassets in Resources */ = {isa = PBXBuildFile; fileRef = EDCB291F1E0CB67A00950195 /* Assets.xcassets */; };
		EDCB29231E0CB67A00950195 /* LaunchScreen.storyboard in Resources */ = {isa = PBXBuildFile; fileRef = EDCB29211E0CB67A00950195 /* LaunchScreen.storyboard */; };
		EDCB29351E0CC17F00950195 /* BranchViewController.swift in Sources */ = {isa = PBXBuildFile; fileRef = EDCB29341E0CC17F00950195 /* BranchViewController.swift */; };
		EDCB29381E0CC47E00950195 /* NewReservationViewController.swift in Sources */ = {isa = PBXBuildFile; fileRef = EDCB29371E0CC47E00950195 /* NewReservationViewController.swift */; };
		EDCB29481E0CF0B500950195 /* ReservationDatePickerTableViewCell.swift in Sources */ = {isa = PBXBuildFile; fileRef = EDCB29451E0CF0B500950195 /* ReservationDatePickerTableViewCell.swift */; };
		EDCB29491E0CF0B500950195 /* ReservationDateTableViewCell.swift in Sources */ = {isa = PBXBuildFile; fileRef = EDCB29461E0CF0B500950195 /* ReservationDateTableViewCell.swift */; };
		EDCB294A1E0CF0B500950195 /* ReservationTextTableViewCell.swift in Sources */ = {isa = PBXBuildFile; fileRef = EDCB29471E0CF0B500950195 /* ReservationTextTableViewCell.swift */; };
/* End PBXBuildFile section */

/* Begin PBXFileReference section */
		ED2B56751E1398BA00F666A9 /* MapKit.framework */ = {isa = PBXFileReference; lastKnownFileType = wrapper.framework; name = MapKit.framework; path = System/Library/Frameworks/MapKit.framework; sourceTree = SDKROOT; };
		ED7B2CD01E10FC4000B0D531 /* ReservationTableViewController.swift */ = {isa = PBXFileReference; fileEncoding = 4; lastKnownFileType = sourcecode.swift; path = ReservationTableViewController.swift; sourceTree = "<group>"; };
		ED7B2CD71E1124E300B0D531 /* BranchTableViewCell.swift */ = {isa = PBXFileReference; fileEncoding = 4; lastKnownFileType = sourcecode.swift; path = BranchTableViewCell.swift; sourceTree = "<group>"; };
		ED7B2CD91E11356B00B0D531 /* NewBranchViewController.swift */ = {isa = PBXFileReference; fileEncoding = 4; lastKnownFileType = sourcecode.swift; path = NewBranchViewController.swift; sourceTree = "<group>"; };
		ED7B2CDB1E11F0CE00B0D531 /* AddressViewController.swift */ = {isa = PBXFileReference; fileEncoding = 4; lastKnownFileType = sourcecode.swift; path = AddressViewController.swift; sourceTree = "<group>"; };
		ED7B2CE01E126BFB00B0D531 /* LocationSearchTableViewController.swift */ = {isa = PBXFileReference; fileEncoding = 4; lastKnownFileType = sourcecode.swift; path = LocationSearchTableViewController.swift; sourceTree = "<group>"; };
		ED9E862C1E14DB7E00314169 /* String.swift */ = {isa = PBXFileReference; fileEncoding = 4; lastKnownFileType = sourcecode.swift; path = String.swift; sourceTree = "<group>"; };
		EDCB29121E0CB67A00950195 /* Reservation.app */ = {isa = PBXFileReference; explicitFileType = wrapper.application; includeInIndex = 0; path = Reservation.app; sourceTree = BUILT_PRODUCTS_DIR; };
		EDCB29151E0CB67A00950195 /* AppDelegate.swift */ = {isa = PBXFileReference; lastKnownFileType = sourcecode.swift; path = AppDelegate.swift; sourceTree = "<group>"; };
		EDCB29171E0CB67A00950195 /* ViewController.swift */ = {isa = PBXFileReference; lastKnownFileType = sourcecode.swift; path = ViewController.swift; sourceTree = "<group>"; };
		EDCB291A1E0CB67A00950195 /* Base */ = {isa = PBXFileReference; lastKnownFileType = file.storyboard; name = Base; path = Base.lproj/Main.storyboard; sourceTree = "<group>"; };
		EDCB291D1E0CB67A00950195 /* Reservation.xcdatamodel */ = {isa = PBXFileReference; lastKnownFileType = wrapper.xcdatamodel; path = Reservation.xcdatamodel; sourceTree = "<group>"; };
		EDCB291F1E0CB67A00950195 /* Assets.xcassets */ = {isa = PBXFileReference; lastKnownFileType = folder.assetcatalog; path = Assets.xcassets; sourceTree = "<group>"; };
		EDCB29221E0CB67A00950195 /* Base */ = {isa = PBXFileReference; lastKnownFileType = file.storyboard; name = Base; path = Base.lproj/LaunchScreen.storyboard; sourceTree = "<group>"; };
		EDCB29241E0CB67A00950195 /* Info.plist */ = {isa = PBXFileReference; lastKnownFileType = text.plist.xml; path = Info.plist; sourceTree = "<group>"; };
		EDCB29341E0CC17F00950195 /* BranchViewController.swift */ = {isa = PBXFileReference; fileEncoding = 4; lastKnownFileType = sourcecode.swift; path = BranchViewController.swift; sourceTree = "<group>"; };
		EDCB29371E0CC47E00950195 /* NewReservationViewController.swift */ = {isa = PBXFileReference; fileEncoding = 4; lastKnownFileType = sourcecode.swift; path = NewReservationViewController.swift; sourceTree = "<group>"; };
		EDCB29451E0CF0B500950195 /* ReservationDatePickerTableViewCell.swift */ = {isa = PBXFileReference; fileEncoding = 4; lastKnownFileType = sourcecode.swift; path = ReservationDatePickerTableViewCell.swift; sourceTree = "<group>"; };
		EDCB29461E0CF0B500950195 /* ReservationDateTableViewCell.swift */ = {isa = PBXFileReference; fileEncoding = 4; lastKnownFileType = sourcecode.swift; path = ReservationDateTableViewCell.swift; sourceTree = "<group>"; };
		EDCB29471E0CF0B500950195 /* ReservationTextTableViewCell.swift */ = {isa = PBXFileReference; fileEncoding = 4; lastKnownFileType = sourcecode.swift; path = ReservationTextTableViewCell.swift; sourceTree = "<group>"; };
/* End PBXFileReference section */

/* Begin PBXFrameworksBuildPhase section */
		EDCB290F1E0CB67900950195 /* Frameworks */ = {
			isa = PBXFrameworksBuildPhase;
			buildActionMask = 2147483647;
			files = (
				ED2B56761E1398BA00F666A9 /* MapKit.framework in Frameworks */,
			);
			runOnlyForDeploymentPostprocessing = 0;
		};
/* End PBXFrameworksBuildPhase section */

/* Begin PBXGroup section */
		ED2B56741E1398BA00F666A9 /* Frameworks */ = {
			isa = PBXGroup;
			children = (
				ED2B56751E1398BA00F666A9 /* MapKit.framework */,
			);
			name = Frameworks;
			sourceTree = "<group>";
		};
		ED7B2CD21E10FDAD00B0D531 /* Reservations */ = {
			isa = PBXGroup;
			children = (
				EDCB29371E0CC47E00950195 /* NewReservationViewController.swift */,
				EDCB29451E0CF0B500950195 /* ReservationDatePickerTableViewCell.swift */,
				EDCB29461E0CF0B500950195 /* ReservationDateTableViewCell.swift */,
				EDCB29471E0CF0B500950195 /* ReservationTextTableViewCell.swift */,
				ED7B2CD01E10FC4000B0D531 /* ReservationTableViewController.swift */,
			);
			name = Reservations;
			sourceTree = "<group>";
		};
		ED7B2CDD1E11F0DC00B0D531 /* New Branch */ = {
			isa = PBXGroup;
			children = (
				ED7B2CD91E11356B00B0D531 /* NewBranchViewController.swift */,
				ED7B2CDB1E11F0CE00B0D531 /* AddressViewController.swift */,
				ED7B2CE01E126BFB00B0D531 /* LocationSearchTableViewController.swift */,
			);
			name = "New Branch";
			sourceTree = "<group>";
		};
		EDCB29091E0CB67900950195 = {
			isa = PBXGroup;
			children = (
				EDCB29141E0CB67A00950195 /* Reservation */,
				EDCB29131E0CB67A00950195 /* Products */,
				ED2B56741E1398BA00F666A9 /* Frameworks */,
			);
			sourceTree = "<group>";
		};
		EDCB29131E0CB67A00950195 /* Products */ = {
			isa = PBXGroup;
			children = (
				EDCB29121E0CB67A00950195 /* Reservation.app */,
			);
			name = Products;
			sourceTree = "<group>";
		};
		EDCB29141E0CB67A00950195 /* Reservation */ = {
			isa = PBXGroup;
			children = (
				EDCB29241E0CB67A00950195 /* Info.plist */,
				EDCB29151E0CB67A00950195 /* AppDelegate.swift */,
				ED9E862C1E14DB7E00314169 /* String.swift */,
				EDCB29171E0CB67A00950195 /* ViewController.swift */,
				EDCB291F1E0CB67A00950195 /* Assets.xcassets */,
				EDCB29361E0CC46200950195 /* Branches */,
				EDCB291C1E0CB67A00950195 /* Reservation.xcdatamodeld */,
				EDCB292A1E0CBC6D00950195 /* Storyboards */,
			);
			path = Reservation;
			sourceTree = "<group>";
		};
		EDCB292A1E0CBC6D00950195 /* Storyboards */ = {
			isa = PBXGroup;
			children = (
				EDCB29191E0CB67A00950195 /* Main.storyboard */,
				EDCB29211E0CB67A00950195 /* LaunchScreen.storyboard */,
			);
			name = Storyboards;
			sourceTree = "<group>";
		};
		EDCB29361E0CC46200950195 /* Branches */ = {
			isa = PBXGroup;
			children = (
				EDCB29341E0CC17F00950195 /* BranchViewController.swift */,
				ED7B2CD71E1124E300B0D531 /* BranchTableViewCell.swift */,
				ED7B2CDD1E11F0DC00B0D531 /* New Branch */,
				ED7B2CD21E10FDAD00B0D531 /* Reservations */,
			);
			name = Branches;
			sourceTree = "<group>";
		};
/* End PBXGroup section */

/* Begin PBXNativeTarget section */
		EDCB29111E0CB67900950195 /* Reservation */ = {
			isa = PBXNativeTarget;
			buildConfigurationList = EDCB29271E0CB67A00950195 /* Build configuration list for PBXNativeTarget "Reservation" */;
			buildPhases = (
				EDCB290E1E0CB67900950195 /* Sources */,
				EDCB290F1E0CB67900950195 /* Frameworks */,
				EDCB29101E0CB67900950195 /* Resources */,
			);
			buildRules = (
			);
			dependencies = (
			);
			name = Reservation;
			productName = Reservation;
			productReference = EDCB29121E0CB67A00950195 /* Reservation.app */;
			productType = "com.apple.product-type.application";
		};
/* End PBXNativeTarget section */

/* Begin PBXProject section */
		EDCB290A1E0CB67900950195 /* Project object */ = {
			isa = PBXProject;
			attributes = {
				KnownAssetTags = (
					2000,
				);
				LastSwiftUpdateCheck = 0820;
				LastUpgradeCheck = 0820;
				ORGANIZATIONNAME = skon;
				TargetAttributes = {
					EDCB29111E0CB67900950195 = {
						CreatedOnToolsVersion = 8.2.1;
						ProvisioningStyle = Automatic;
						SystemCapabilities = {
							com.apple.Maps.iOS = {
								enabled = 0;
							};
						};
					};
				};
			};
			buildConfigurationList = EDCB290D1E0CB67900950195 /* Build configuration list for PBXProject "Reservation" */;
			compatibilityVersion = "Xcode 3.2";
			developmentRegion = English;
			hasScannedForEncodings = 0;
			knownRegions = (
				en,
				Base,
			);
			mainGroup = EDCB29091E0CB67900950195;
			productRefGroup = EDCB29131E0CB67A00950195 /* Products */;
			projectDirPath = "";
			projectRoot = "";
			targets = (
				EDCB29111E0CB67900950195 /* Reservation */,
			);
		};
/* End PBXProject section */

/* Begin PBXResourcesBuildPhase section */
		EDCB29101E0CB67900950195 /* Resources */ = {
			isa = PBXResourcesBuildPhase;
			buildActionMask = 2147483647;
			files = (
				EDCB29231E0CB67A00950195 /* LaunchScreen.storyboard in Resources */,
				EDCB29201E0CB67A00950195 /* Assets.xcassets in Resources */,
				EDCB291B1E0CB67A00950195 /* Main.storyboard in Resources */,
			);
			runOnlyForDeploymentPostprocessing = 0;
		};
/* End PBXResourcesBuildPhase section */

/* Begin PBXSourcesBuildPhase section */
		EDCB290E1E0CB67900950195 /* Sources */ = {
			isa = PBXSourcesBuildPhase;
			buildActionMask = 2147483647;
			files = (
				ED7B2CE11E126BFB00B0D531 /* LocationSearchTableViewController.swift in Sources */,
				EDCB294A1E0CF0B500950195 /* ReservationTextTableViewCell.swift in Sources */,
				EDCB29491E0CF0B500950195 /* ReservationDateTableViewCell.swift in Sources */,
				EDCB29381E0CC47E00950195 /* NewReservationViewController.swift in Sources */,
				ED9E862D1E14DB7E00314169 /* String.swift in Sources */,
				ED7B2CDC1E11F0CE00B0D531 /* AddressViewController.swift in Sources */,
				ED7B2CD81E1124E300B0D531 /* BranchTableViewCell.swift in Sources */,
				EDCB29481E0CF0B500950195 /* ReservationDatePickerTableViewCell.swift in Sources */,
				EDCB29181E0CB67A00950195 /* ViewController.swift in Sources */,
				ED7B2CD11E10FC4000B0D531 /* ReservationTableViewController.swift in Sources */,
				EDCB29161E0CB67A00950195 /* AppDelegate.swift in Sources */,
				EDCB29351E0CC17F00950195 /* BranchViewController.swift in Sources */,
				ED7B2CDA1E11356B00B0D531 /* NewBranchViewController.swift in Sources */,
				EDCB291E1E0CB67A00950195 /* Reservation.xcdatamodeld in Sources */,
			);
			runOnlyForDeploymentPostprocessing = 0;
		};
/* End PBXSourcesBuildPhase section */

/* Begin PBXVariantGroup section */
		EDCB29191E0CB67A00950195 /* Main.storyboard */ = {
			isa = PBXVariantGroup;
			children = (
				EDCB291A1E0CB67A00950195 /* Base */,
			);
			name = Main.storyboard;
			sourceTree = "<group>";
		};
		EDCB29211E0CB67A00950195 /* LaunchScreen.storyboard */ = {
			isa = PBXVariantGroup;
			children = (
				EDCB29221E0CB67A00950195 /* Base */,
			);
			name = LaunchScreen.storyboard;
			sourceTree = "<group>";
		};
/* End PBXVariantGroup section */

/* Begin XCBuildConfiguration section */
		EDCB29251E0CB67A00950195 /* Debug */ = {
			isa = XCBuildConfiguration;
			buildSettings = {
				ALWAYS_SEARCH_USER_PATHS = NO;
				CLANG_ANALYZER_NONNULL = YES;
				CLANG_CXX_LANGUAGE_STANDARD = "gnu++0x";
				CLANG_CXX_LIBRARY = "libc++";
				CLANG_ENABLE_MODULES = YES;
				CLANG_ENABLE_OBJC_ARC = YES;
				CLANG_WARN_BOOL_CONVERSION = YES;
				CLANG_WARN_CONSTANT_CONVERSION = YES;
				CLANG_WARN_DIRECT_OBJC_ISA_USAGE = YES_ERROR;
				CLANG_WARN_DOCUMENTATION_COMMENTS = YES;
				CLANG_WARN_EMPTY_BODY = YES;
				CLANG_WARN_ENUM_CONVERSION = YES;
				CLANG_WARN_INFINITE_RECURSION = YES;
				CLANG_WARN_INT_CONVERSION = YES;
				CLANG_WARN_OBJC_ROOT_CLASS = YES_ERROR;
				CLANG_WARN_SUSPICIOUS_MOVE = YES;
				CLANG_WARN_UNREACHABLE_CODE = YES;
				CLANG_WARN__DUPLICATE_METHOD_MATCH = YES;
				"CODE_SIGN_IDENTITY[sdk=iphoneos*]" = "iPhone Developer";
				COPY_PHASE_STRIP = NO;
				DEBUG_INFORMATION_FORMAT = dwarf;
				ENABLE_STRICT_OBJC_MSGSEND = YES;
				ENABLE_TESTABILITY = YES;
				GCC_C_LANGUAGE_STANDARD = gnu99;
				GCC_DYNAMIC_NO_PIC = NO;
				GCC_NO_COMMON_BLOCKS = YES;
				GCC_OPTIMIZATION_LEVEL = 0;
				GCC_PREPROCESSOR_DEFINITIONS = (
					"DEBUG=1",
					"$(inherited)",
				);
				GCC_WARN_64_TO_32_BIT_CONVERSION = YES;
				GCC_WARN_ABOUT_RETURN_TYPE = YES_ERROR;
				GCC_WARN_UNDECLARED_SELECTOR = YES;
				GCC_WARN_UNINITIALIZED_AUTOS = YES_AGGRESSIVE;
				GCC_WARN_UNUSED_FUNCTION = YES;
				GCC_WARN_UNUSED_VARIABLE = YES;
				IPHONEOS_DEPLOYMENT_TARGET = 10.2;
				MTL_ENABLE_DEBUG_INFO = YES;
				ONLY_ACTIVE_ARCH = YES;
				SDKROOT = iphoneos;
				SWIFT_ACTIVE_COMPILATION_CONDITIONS = DEBUG;
				SWIFT_OPTIMIZATION_LEVEL = "-Onone";
				TARGETED_DEVICE_FAMILY = "1,2";
			};
			name = Debug;
		};
		EDCB29261E0CB67A00950195 /* Release */ = {
			isa = XCBuildConfiguration;
			buildSettings = {
				ALWAYS_SEARCH_USER_PATHS = NO;
				CLANG_ANALYZER_NONNULL = YES;
				CLANG_CXX_LANGUAGE_STANDARD = "gnu++0x";
				CLANG_CXX_LIBRARY = "libc++";
				CLANG_ENABLE_MODULES = YES;
				CLANG_ENABLE_OBJC_ARC = YES;
				CLANG_WARN_BOOL_CONVERSION = YES;
				CLANG_WARN_CONSTANT_CONVERSION = YES;
				CLANG_WARN_DIRECT_OBJC_ISA_USAGE = YES_ERROR;
				CLANG_WARN_DOCUMENTATION_COMMENTS = YES;
				CLANG_WARN_EMPTY_BODY = YES;
				CLANG_WARN_ENUM_CONVERSION = YES;
				CLANG_WARN_INFINITE_RECURSION = YES;
				CLANG_WARN_INT_CONVERSION = YES;
				CLANG_WARN_OBJC_ROOT_CLASS = YES_ERROR;
				CLANG_WARN_SUSPICIOUS_MOVE = YES;
				CLANG_WARN_UNREACHABLE_CODE = YES;
				CLANG_WARN__DUPLICATE_METHOD_MATCH = YES;
				"CODE_SIGN_IDENTITY[sdk=iphoneos*]" = "iPhone Developer";
				COPY_PHASE_STRIP = NO;
				DEBUG_INFORMATION_FORMAT = "dwarf-with-dsym";
				ENABLE_NS_ASSERTIONS = NO;
				ENABLE_STRICT_OBJC_MSGSEND = YES;
				GCC_C_LANGUAGE_STANDARD = gnu99;
				GCC_NO_COMMON_BLOCKS = YES;
				GCC_WARN_64_TO_32_BIT_CONVERSION = YES;
				GCC_WARN_ABOUT_RETURN_TYPE = YES_ERROR;
				GCC_WARN_UNDECLARED_SELECTOR = YES;
				GCC_WARN_UNINITIALIZED_AUTOS = YES_AGGRESSIVE;
				GCC_WARN_UNUSED_FUNCTION = YES;
				GCC_WARN_UNUSED_VARIABLE = YES;
				IPHONEOS_DEPLOYMENT_TARGET = 10.2;
				MTL_ENABLE_DEBUG_INFO = NO;
				SDKROOT = iphoneos;
				SWIFT_OPTIMIZATION_LEVEL = "-Owholemodule";
				TARGETED_DEVICE_FAMILY = "1,2";
				VALIDATE_PRODUCT = YES;
			};
			name = Release;
		};
		EDCB29281E0CB67A00950195 /* Debug */ = {
			isa = XCBuildConfiguration;
			buildSettings = {
				ASSETCATALOG_COMPILER_APPICON_NAME = AppIcon;
				INFOPLIST_FILE = Reservation/Info.plist;
				LD_RUNPATH_SEARCH_PATHS = "$(inherited) @executable_path/Frameworks";
				PRODUCT_BUNDLE_IDENTIFIER = com.skon.Reservation;
				PRODUCT_NAME = "$(TARGET_NAME)";
				SWIFT_VERSION = 3.0;
				TARGETED_DEVICE_FAMILY = "1,2";
			};
			name = Debug;
		};
		EDCB29291E0CB67A00950195 /* Release */ = {
			isa = XCBuildConfiguration;
			buildSettings = {
				ASSETCATALOG_COMPILER_APPICON_NAME = AppIcon;
				INFOPLIST_FILE = Reservation/Info.plist;
				LD_RUNPATH_SEARCH_PATHS = "$(inherited) @executable_path/Frameworks";
				PRODUCT_BUNDLE_IDENTIFIER = com.skon.Reservation;
				PRODUCT_NAME = "$(TARGET_NAME)";
				SWIFT_VERSION = 3.0;
				TARGETED_DEVICE_FAMILY = "1,2";
			};
			name = Release;
		};
/* End XCBuildConfiguration section */

/* Begin XCConfigurationList section */
		EDCB290D1E0CB67900950195 /* Build configuration list for PBXProject "Reservation" */ = {
			isa = XCConfigurationList;
			buildConfigurations = (
				EDCB29251E0CB67A00950195 /* Debug */,
				EDCB29261E0CB67A00950195 /* Release */,
			);
			defaultConfigurationIsVisible = 0;
			defaultConfigurationName = Release;
		};
		EDCB29271E0CB67A00950195 /* Build configuration list for PBXNativeTarget "Reservation" */ = {
			isa = XCConfigurationList;
			buildConfigurations = (
				EDCB29281E0CB67A00950195 /* Debug */,
				EDCB29291E0CB67A00950195 /* Release */,
			);
			defaultConfigurationIsVisible = 0;
			defaultConfigurationName = Release;
		};
/* End XCConfigurationList section */

/* Begin XCVersionGroup section */
		EDCB291C1E0CB67A00950195 /* Reservation.xcdatamodeld */ = {
			isa = XCVersionGroup;
			children = (
				EDCB291D1E0CB67A00950195 /* Reservation.xcdatamodel */,
			);
			currentVersion = EDCB291D1E0CB67A00950195 /* Reservation.xcdatamodel */;
			path = Reservation.xcdatamodeld;
			sourceTree = "<group>";
			versionGroupType = wrapper.xcdatamodel;
		};
/* End XCVersionGroup section */
	};
	rootObject = EDCB290A1E0CB67900950195 /* Project object */;
}
